// !$*UTF8*$!
{
	archiveVersion = 1;
	classes = {
	};
	objectVersion = 56;
	objects = {

/* Begin PBXBuildFile section */
		04D28E2A2DF19D8100959235 /* TrackerTypeSelectionViewController.swift in Sources */ = {isa = PBXBuildFile; fileRef = 04D28E292DF19D7F00959235 /* TrackerTypeSelectionViewController.swift */; };
		04D28E2E2DF19E6A00959235 /* TrackerCreationViewController.swift in Sources */ = {isa = PBXBuildFile; fileRef = 04D28E2D2DF19E6900959235 /* TrackerCreationViewController.swift */; };
		04D28E322DF1E38D00959235 /* ScheduleViewController.swift in Sources */ = {isa = PBXBuildFile; fileRef = 04D28E312DF1E38C00959235 /* ScheduleViewController.swift */; };
		04D28E342DF2358400959235 /* ScheduleCell.swift in Sources */ = {isa = PBXBuildFile; fileRef = 04D28E332DF2358300959235 /* ScheduleCell.swift */; };
		04D28E362DF49F0000959235 /* AppTextStyle.swift in Sources */ = {isa = PBXBuildFile; fileRef = 04D28E352DF49EFF00959235 /* AppTextStyle.swift */; };
		04D28E422DF5548C00959235 /* EmojiCell.swift in Sources */ = {isa = PBXBuildFile; fileRef = 04D28E412DF5548A00959235 /* EmojiCell.swift */; };
		04D28E452DF5559E00959235 /* ColorCell.swift in Sources */ = {isa = PBXBuildFile; fileRef = 04D28E442DF5559900959235 /* ColorCell.swift */; };
		04D28E4A2DF5908600959235 /* TrackerModel.xcdatamodeld in Sources */ = {isa = PBXBuildFile; fileRef = 04D28E482DF5908600959235 /* TrackerModel.xcdatamodeld */; };
		04D28E4D2DF596FA00959235 /* CoreDataManager.swift in Sources */ = {isa = PBXBuildFile; fileRef = 04D28E4C2DF596FA00959235 /* CoreDataManager.swift */; };
		04D28E502DF59BAB00959235 /* TrackerStore.swift in Sources */ = {isa = PBXBuildFile; fileRef = 04D28E4F2DF59BA700959235 /* TrackerStore.swift */; };
		04D28E522DF59BB200959235 /* TrackerCategoryStore.swift in Sources */ = {isa = PBXBuildFile; fileRef = 04D28E512DF59BB100959235 /* TrackerCategoryStore.swift */; };
		04D28E542DF59BB900959235 /* TrackerRecordStore.swift in Sources */ = {isa = PBXBuildFile; fileRef = 04D28E532DF59BB900959235 /* TrackerRecordStore.swift */; };
		04D28E562DF59C2300959235 /* UIColor+Hex.swift in Sources */ = {isa = PBXBuildFile; fileRef = 04D28E552DF59C2000959235 /* UIColor+Hex.swift */; };
		04D28E592DF5A08400959235 /* StoreError.swift in Sources */ = {isa = PBXBuildFile; fileRef = 04D28E582DF5A08300959235 /* StoreError.swift */; };
		04D28E642DF709EB00959235 /* EmojiData.swift in Sources */ = {isa = PBXBuildFile; fileRef = 04D28E632DF709EA00959235 /* EmojiData.swift */; };
		04D28E662DF70A1000959235 /* ColorData.swift in Sources */ = {isa = PBXBuildFile; fileRef = 04D28E652DF70A0F00959235 /* ColorData.swift */; };
		04D28E6A2DF7F6F800959235 /* OnboardingPageViewController.swift in Sources */ = {isa = PBXBuildFile; fileRef = 04D28E692DF7F6F700959235 /* OnboardingPageViewController.swift */; };
		04D28E6C2DF7F6FF00959235 /* OnboardingContentViewController.swift in Sources */ = {isa = PBXBuildFile; fileRef = 04D28E6B2DF7F6FE00959235 /* OnboardingContentViewController.swift */; };
		04D28E6E2DF964F100959235 /* OnboardingManager.swift in Sources */ = {isa = PBXBuildFile; fileRef = 04D28E6D2DF964F000959235 /* OnboardingManager.swift */; };
		04D28E742DF978D600959235 /* CategoriesListViewController.swift in Sources */ = {isa = PBXBuildFile; fileRef = 04D28E732DF978D500959235 /* CategoriesListViewController.swift */; };
		04D28E762DF978E700959235 /* CategoriesListViewModel.swift in Sources */ = {isa = PBXBuildFile; fileRef = 04D28E752DF978E700959235 /* CategoriesListViewModel.swift */; };
		04D28E782DF978FB00959235 /* CategoryCell.swift in Sources */ = {isa = PBXBuildFile; fileRef = 04D28E772DF978FA00959235 /* CategoryCell.swift */; };
		04D28E7B2DF98D3A00959235 /* NewCategoryViewController.swift in Sources */ = {isa = PBXBuildFile; fileRef = 04D28E7A2DF98D3200959235 /* NewCategoryViewController.swift */; };
		04D28E7F2DF997EC00959235 /* NewCategoryViewModel.swift in Sources */ = {isa = PBXBuildFile; fileRef = 04D28E7E2DF997E800959235 /* NewCategoryViewModel.swift */; };
		B53B406E2DF068B800341FEA /* AppDelegate.swift in Sources */ = {isa = PBXBuildFile; fileRef = B53B406D2DF068B800341FEA /* AppDelegate.swift */; };
		B53B40702DF068B800341FEA /* SceneDelegate.swift in Sources */ = {isa = PBXBuildFile; fileRef = B53B406F2DF068B800341FEA /* SceneDelegate.swift */; };
		B53B407A2DF068B900341FEA /* Assets.xcassets in Resources */ = {isa = PBXBuildFile; fileRef = B53B40792DF068B900341FEA /* Assets.xcassets */; };
		B53B407D2DF068B900341FEA /* LaunchScreen.storyboard in Resources */ = {isa = PBXBuildFile; fileRef = B53B407B2DF068B900341FEA /* LaunchScreen.storyboard */; };
		B53B40882DF068B900341FEA /* TrackerTests.swift in Sources */ = {isa = PBXBuildFile; fileRef = B53B40872DF068B900341FEA /* TrackerTests.swift */; };
		B53B40922DF068B900341FEA /* TrackerUITests.swift in Sources */ = {isa = PBXBuildFile; fileRef = B53B40912DF068B900341FEA /* TrackerUITests.swift */; };
		B53B40942DF068B900341FEA /* TrackerUITestsLaunchTests.swift in Sources */ = {isa = PBXBuildFile; fileRef = B53B40932DF068B900341FEA /* TrackerUITestsLaunchTests.swift */; };
		B53B40A32DF06A9400341FEA /* MainTabBarViewController.swift in Sources */ = {isa = PBXBuildFile; fileRef = B53B40A22DF06A9400341FEA /* MainTabBarViewController.swift */; };
		B53B40A62DF06AAE00341FEA /* TrackersViewController.swift in Sources */ = {isa = PBXBuildFile; fileRef = B53B40A52DF06AAE00341FEA /* TrackersViewController.swift */; };
		B53B40A92DF06ACA00341FEA /* StatisticsViewController.swift in Sources */ = {isa = PBXBuildFile; fileRef = B53B40A82DF06ACA00341FEA /* StatisticsViewController.swift */; };
		B53B40B52DF0967B00341FEA /* Tracker.swift in Sources */ = {isa = PBXBuildFile; fileRef = B53B40B42DF0967B00341FEA /* Tracker.swift */; };
		B53B40B72DF0968700341FEA /* WeekDay.swift in Sources */ = {isa = PBXBuildFile; fileRef = B53B40B62DF0968700341FEA /* WeekDay.swift */; };
		B53B40B92DF0969200341FEA /* TrackerCategory.swift in Sources */ = {isa = PBXBuildFile; fileRef = B53B40B82DF0969200341FEA /* TrackerCategory.swift */; };
		B53B40BB2DF0969E00341FEA /* TrackerRecord.swift in Sources */ = {isa = PBXBuildFile; fileRef = B53B40BA2DF0969E00341FEA /* TrackerRecord.swift */; };
		B53B40BF2DF0A01A00341FEA /* TrackerCellView.swift in Sources */ = {isa = PBXBuildFile; fileRef = B53B40BE2DF0A01A00341FEA /* TrackerCellView.swift */; };
		B53B40C22DF0A25900341FEA /* TrackersViewModel.swift in Sources */ = {isa = PBXBuildFile; fileRef = B53B40C12DF0A25900341FEA /* TrackersViewModel.swift */; };
		B53B40C42DF0AAD300341FEA /* CategoryHeaderView.swift in Sources */ = {isa = PBXBuildFile; fileRef = B53B40C32DF0AAD300341FEA /* CategoryHeaderView.swift */; };
		B53B40C62DF0BE9700341FEA /* BottomAlignedLabel.swift in Sources */ = {isa = PBXBuildFile; fileRef = B53B40C52DF0BE9700341FEA /* BottomAlignedLabel.swift */; };
		B53B40C92DF0CF2500341FEA /* Int+DayWord.swift in Sources */ = {isa = PBXBuildFile; fileRef = B53B40C82DF0CF2500341FEA /* Int+DayWord.swift */; };
/* End PBXBuildFile section */

/* Begin PBXContainerItemProxy section */
		B53B40842DF068B900341FEA /* PBXContainerItemProxy */ = {
			isa = PBXContainerItemProxy;
			containerPortal = B53B40622DF068B700341FEA /* Project object */;
			proxyType = 1;
			remoteGlobalIDString = B53B40692DF068B800341FEA;
			remoteInfo = Tracker;
		};
		B53B408E2DF068B900341FEA /* PBXContainerItemProxy */ = {
			isa = PBXContainerItemProxy;
			containerPortal = B53B40622DF068B700341FEA /* Project object */;
			proxyType = 1;
			remoteGlobalIDString = B53B40692DF068B800341FEA;
			remoteInfo = Tracker;
		};
/* End PBXContainerItemProxy section */

/* Begin PBXFileReference section */
		04D28E292DF19D7F00959235 /* TrackerTypeSelectionViewController.swift */ = {isa = PBXFileReference; lastKnownFileType = sourcecode.swift; path = TrackerTypeSelectionViewController.swift; sourceTree = "<group>"; };
		04D28E2D2DF19E6900959235 /* TrackerCreationViewController.swift */ = {isa = PBXFileReference; lastKnownFileType = sourcecode.swift; path = TrackerCreationViewController.swift; sourceTree = "<group>"; };
		04D28E312DF1E38C00959235 /* ScheduleViewController.swift */ = {isa = PBXFileReference; lastKnownFileType = sourcecode.swift; path = ScheduleViewController.swift; sourceTree = "<group>"; };
		04D28E332DF2358300959235 /* ScheduleCell.swift */ = {isa = PBXFileReference; lastKnownFileType = sourcecode.swift; path = ScheduleCell.swift; sourceTree = "<group>"; };
		04D28E352DF49EFF00959235 /* AppTextStyle.swift */ = {isa = PBXFileReference; lastKnownFileType = sourcecode.swift; path = AppTextStyle.swift; sourceTree = "<group>"; };
		04D28E412DF5548A00959235 /* EmojiCell.swift */ = {isa = PBXFileReference; lastKnownFileType = sourcecode.swift; path = EmojiCell.swift; sourceTree = "<group>"; };
		04D28E442DF5559900959235 /* ColorCell.swift */ = {isa = PBXFileReference; lastKnownFileType = sourcecode.swift; path = ColorCell.swift; sourceTree = "<group>"; };
		04D28E492DF5908600959235 /* TrackerModel.xcdatamodel */ = {isa = PBXFileReference; lastKnownFileType = wrapper.xcdatamodel; path = TrackerModel.xcdatamodel; sourceTree = "<group>"; };
		04D28E4C2DF596FA00959235 /* CoreDataManager.swift */ = {isa = PBXFileReference; lastKnownFileType = sourcecode.swift; path = CoreDataManager.swift; sourceTree = "<group>"; };
		04D28E4F2DF59BA700959235 /* TrackerStore.swift */ = {isa = PBXFileReference; lastKnownFileType = sourcecode.swift; path = TrackerStore.swift; sourceTree = "<group>"; };
		04D28E512DF59BB100959235 /* TrackerCategoryStore.swift */ = {isa = PBXFileReference; lastKnownFileType = sourcecode.swift; path = TrackerCategoryStore.swift; sourceTree = "<group>"; };
		04D28E532DF59BB900959235 /* TrackerRecordStore.swift */ = {isa = PBXFileReference; lastKnownFileType = sourcecode.swift; path = TrackerRecordStore.swift; sourceTree = "<group>"; };
		04D28E552DF59C2000959235 /* UIColor+Hex.swift */ = {isa = PBXFileReference; lastKnownFileType = sourcecode.swift; path = "UIColor+Hex.swift"; sourceTree = "<group>"; };
		04D28E582DF5A08300959235 /* StoreError.swift */ = {isa = PBXFileReference; lastKnownFileType = sourcecode.swift; path = StoreError.swift; sourceTree = "<group>"; };
		04D28E632DF709EA00959235 /* EmojiData.swift */ = {isa = PBXFileReference; lastKnownFileType = sourcecode.swift; path = EmojiData.swift; sourceTree = "<group>"; };
		04D28E652DF70A0F00959235 /* ColorData.swift */ = {isa = PBXFileReference; lastKnownFileType = sourcecode.swift; path = ColorData.swift; sourceTree = "<group>"; };
		04D28E692DF7F6F700959235 /* OnboardingPageViewController.swift */ = {isa = PBXFileReference; lastKnownFileType = sourcecode.swift; path = OnboardingPageViewController.swift; sourceTree = "<group>"; };
		04D28E6B2DF7F6FE00959235 /* OnboardingContentViewController.swift */ = {isa = PBXFileReference; lastKnownFileType = sourcecode.swift; path = OnboardingContentViewController.swift; sourceTree = "<group>"; };
		04D28E6D2DF964F000959235 /* OnboardingManager.swift */ = {isa = PBXFileReference; lastKnownFileType = sourcecode.swift; path = OnboardingManager.swift; sourceTree = "<group>"; };
		04D28E732DF978D500959235 /* CategoriesListViewController.swift */ = {isa = PBXFileReference; lastKnownFileType = sourcecode.swift; path = CategoriesListViewController.swift; sourceTree = "<group>"; };
		04D28E752DF978E700959235 /* CategoriesListViewModel.swift */ = {isa = PBXFileReference; lastKnownFileType = sourcecode.swift; path = CategoriesListViewModel.swift; sourceTree = "<group>"; };
		04D28E772DF978FA00959235 /* CategoryCell.swift */ = {isa = PBXFileReference; lastKnownFileType = sourcecode.swift; path = CategoryCell.swift; sourceTree = "<group>"; };
		04D28E7A2DF98D3200959235 /* NewCategoryViewController.swift */ = {isa = PBXFileReference; lastKnownFileType = sourcecode.swift; path = NewCategoryViewController.swift; sourceTree = "<group>"; };
		04D28E7E2DF997E800959235 /* NewCategoryViewModel.swift */ = {isa = PBXFileReference; lastKnownFileType = sourcecode.swift; path = NewCategoryViewModel.swift; sourceTree = "<group>"; };
		B53B406A2DF068B800341FEA /* Tracker.app */ = {isa = PBXFileReference; explicitFileType = wrapper.application; includeInIndex = 0; path = Tracker.app; sourceTree = BUILT_PRODUCTS_DIR; };
		B53B406D2DF068B800341FEA /* AppDelegate.swift */ = {isa = PBXFileReference; lastKnownFileType = sourcecode.swift; path = AppDelegate.swift; sourceTree = "<group>"; };
		B53B406F2DF068B800341FEA /* SceneDelegate.swift */ = {isa = PBXFileReference; lastKnownFileType = sourcecode.swift; path = SceneDelegate.swift; sourceTree = "<group>"; };
		B53B40792DF068B900341FEA /* Assets.xcassets */ = {isa = PBXFileReference; lastKnownFileType = folder.assetcatalog; path = Assets.xcassets; sourceTree = "<group>"; };
		B53B407C2DF068B900341FEA /* Base */ = {isa = PBXFileReference; lastKnownFileType = file.storyboard; name = Base; path = Base.lproj/LaunchScreen.storyboard; sourceTree = "<group>"; };
		B53B407E2DF068B900341FEA /* Info.plist */ = {isa = PBXFileReference; lastKnownFileType = text.plist.xml; path = Info.plist; sourceTree = "<group>"; };
		B53B40832DF068B900341FEA /* TrackerTests.xctest */ = {isa = PBXFileReference; explicitFileType = wrapper.cfbundle; includeInIndex = 0; path = TrackerTests.xctest; sourceTree = BUILT_PRODUCTS_DIR; };
		B53B40872DF068B900341FEA /* TrackerTests.swift */ = {isa = PBXFileReference; lastKnownFileType = sourcecode.swift; path = TrackerTests.swift; sourceTree = "<group>"; };
		B53B408D2DF068B900341FEA /* TrackerUITests.xctest */ = {isa = PBXFileReference; explicitFileType = wrapper.cfbundle; includeInIndex = 0; path = TrackerUITests.xctest; sourceTree = BUILT_PRODUCTS_DIR; };
		B53B40912DF068B900341FEA /* TrackerUITests.swift */ = {isa = PBXFileReference; lastKnownFileType = sourcecode.swift; path = TrackerUITests.swift; sourceTree = "<group>"; };
		B53B40932DF068B900341FEA /* TrackerUITestsLaunchTests.swift */ = {isa = PBXFileReference; lastKnownFileType = sourcecode.swift; path = TrackerUITestsLaunchTests.swift; sourceTree = "<group>"; };
		B53B40A22DF06A9400341FEA /* MainTabBarViewController.swift */ = {isa = PBXFileReference; lastKnownFileType = sourcecode.swift; path = MainTabBarViewController.swift; sourceTree = "<group>"; };
		B53B40A52DF06AAE00341FEA /* TrackersViewController.swift */ = {isa = PBXFileReference; lastKnownFileType = sourcecode.swift; path = TrackersViewController.swift; sourceTree = "<group>"; };
		B53B40A82DF06ACA00341FEA /* StatisticsViewController.swift */ = {isa = PBXFileReference; lastKnownFileType = sourcecode.swift; path = StatisticsViewController.swift; sourceTree = "<group>"; };
		B53B40B42DF0967B00341FEA /* Tracker.swift */ = {isa = PBXFileReference; lastKnownFileType = sourcecode.swift; path = Tracker.swift; sourceTree = "<group>"; };
		B53B40B62DF0968700341FEA /* WeekDay.swift */ = {isa = PBXFileReference; lastKnownFileType = sourcecode.swift; path = WeekDay.swift; sourceTree = "<group>"; };
		B53B40B82DF0969200341FEA /* TrackerCategory.swift */ = {isa = PBXFileReference; lastKnownFileType = sourcecode.swift; path = TrackerCategory.swift; sourceTree = "<group>"; };
		B53B40BA2DF0969E00341FEA /* TrackerRecord.swift */ = {isa = PBXFileReference; lastKnownFileType = sourcecode.swift; path = TrackerRecord.swift; sourceTree = "<group>"; };
		B53B40BE2DF0A01A00341FEA /* TrackerCellView.swift */ = {isa = PBXFileReference; lastKnownFileType = sourcecode.swift; path = TrackerCellView.swift; sourceTree = "<group>"; };
		B53B40C12DF0A25900341FEA /* TrackersViewModel.swift */ = {isa = PBXFileReference; lastKnownFileType = sourcecode.swift; path = TrackersViewModel.swift; sourceTree = "<group>"; };
		B53B40C32DF0AAD300341FEA /* CategoryHeaderView.swift */ = {isa = PBXFileReference; lastKnownFileType = sourcecode.swift; path = CategoryHeaderView.swift; sourceTree = "<group>"; };
		B53B40C52DF0BE9700341FEA /* BottomAlignedLabel.swift */ = {isa = PBXFileReference; lastKnownFileType = sourcecode.swift; path = BottomAlignedLabel.swift; sourceTree = "<group>"; };
		B53B40C82DF0CF2500341FEA /* Int+DayWord.swift */ = {isa = PBXFileReference; lastKnownFileType = sourcecode.swift; path = "Int+DayWord.swift"; sourceTree = "<group>"; };
/* End PBXFileReference section */

/* Begin PBXFrameworksBuildPhase section */
		B53B40672DF068B800341FEA /* Frameworks */ = {
			isa = PBXFrameworksBuildPhase;
			buildActionMask = 2147483647;
			files = (
			);
			runOnlyForDeploymentPostprocessing = 0;
		};
		B53B40802DF068B900341FEA /* Frameworks */ = {
			isa = PBXFrameworksBuildPhase;
			buildActionMask = 2147483647;
			files = (
			);
			runOnlyForDeploymentPostprocessing = 0;
		};
		B53B408A2DF068B900341FEA /* Frameworks */ = {
			isa = PBXFrameworksBuildPhase;
			buildActionMask = 2147483647;
			files = (
			);
			runOnlyForDeploymentPostprocessing = 0;
		};
/* End PBXFrameworksBuildPhase section */

/* Begin PBXGroup section */
		04D28E272DF19D6300959235 /* TrackerTypeSelection */ = {
			isa = PBXGroup;
			children = (
				04D28E282DF19D7300959235 /* View */,
			);
			path = TrackerTypeSelection;
			sourceTree = "<group>";
		};
		04D28E282DF19D7300959235 /* View */ = {
			isa = PBXGroup;
			children = (
				04D28E292DF19D7F00959235 /* TrackerTypeSelectionViewController.swift */,
			);
			path = View;
			sourceTree = "<group>";
		};
		04D28E2B2DF19E5E00959235 /* TrackerCreation */ = {
			isa = PBXGroup;
			children = (
				04D28E2C2DF19E6500959235 /* View */,
			);
			path = TrackerCreation;
			sourceTree = "<group>";
		};
		04D28E2C2DF19E6500959235 /* View */ = {
			isa = PBXGroup;
			children = (
				04D28E2D2DF19E6900959235 /* TrackerCreationViewController.swift */,
			);
			path = View;
			sourceTree = "<group>";
		};
		04D28E2F2DF1E37500959235 /* Schedule */ = {
			isa = PBXGroup;
			children = (
				04D28E302DF1E38000959235 /* View */,
			);
			path = Schedule;
			sourceTree = "<group>";
		};
		04D28E302DF1E38000959235 /* View */ = {
			isa = PBXGroup;
			children = (
				04D28E312DF1E38C00959235 /* ScheduleViewController.swift */,
			);
			path = View;
			sourceTree = "<group>";
		};
		04D28E3A2DF4A13400959235 /* Fonts */ = {
			isa = PBXGroup;
			children = (
				04D28E352DF49EFF00959235 /* AppTextStyle.swift */,
			);
			path = Fonts;
			sourceTree = "<group>";
		};
		04D28E4B2DF596EC00959235 /* Services */ = {
			isa = PBXGroup;
			children = (
				04D28E6D2DF964F000959235 /* OnboardingManager.swift */,
				04D28E4E2DF5972E00959235 /* CoreData */,
			);
			path = Services;
			sourceTree = "<group>";
		};
		04D28E4E2DF5972E00959235 /* CoreData */ = {
			isa = PBXGroup;
			children = (
				04D28E572DF5A06D00959235 /* Store */,
				04D28E4C2DF596FA00959235 /* CoreDataManager.swift */,
				04D28E482DF5908600959235 /* TrackerModel.xcdatamodeld */,
			);
			path = CoreData;
			sourceTree = "<group>";
		};
		04D28E572DF5A06D00959235 /* Store */ = {
			isa = PBXGroup;
			children = (
				04D28E582DF5A08300959235 /* StoreError.swift */,
				04D28E532DF59BB900959235 /* TrackerRecordStore.swift */,
				04D28E512DF59BB100959235 /* TrackerCategoryStore.swift */,
				04D28E4F2DF59BA700959235 /* TrackerStore.swift */,
			);
			path = Store;
			sourceTree = "<group>";
		};
		04D28E672DF7F6E500959235 /* Onboarding */ = {
			isa = PBXGroup;
			children = (
				04D28E682DF7F6ED00959235 /* View */,
			);
			path = Onboarding;
			sourceTree = "<group>";
		};
		04D28E682DF7F6ED00959235 /* View */ = {
			isa = PBXGroup;
			children = (
				04D28E6B2DF7F6FE00959235 /* OnboardingContentViewController.swift */,
				04D28E692DF7F6F700959235 /* OnboardingPageViewController.swift */,
			);
			path = View;
			sourceTree = "<group>";
		};
		04D28E702DF978A900959235 /* CategoriesList */ = {
			isa = PBXGroup;
			children = (
				04D28E722DF978C500959235 /* ViewModel */,
				04D28E712DF978B600959235 /* View */,
			);
			path = CategoriesList;
			sourceTree = "<group>";
		};
		04D28E712DF978B600959235 /* View */ = {
			isa = PBXGroup;
			children = (
				04D28E732DF978D500959235 /* CategoriesListViewController.swift */,
			);
			path = View;
			sourceTree = "<group>";
		};
		04D28E722DF978C500959235 /* ViewModel */ = {
			isa = PBXGroup;
			children = (
				04D28E752DF978E700959235 /* CategoriesListViewModel.swift */,
			);
			path = ViewModel;
			sourceTree = "<group>";
		};
		04D28E792DF983D300959235 /* NewCategory */ = {
			isa = PBXGroup;
			children = (
				04D28E7D2DF997D800959235 /* ViewModel */,
				04D28E7C2DF98D3E00959235 /* View */,
			);
			path = NewCategory;
			sourceTree = "<group>";
		};
		04D28E7C2DF98D3E00959235 /* View */ = {
			isa = PBXGroup;
			children = (
				04D28E7A2DF98D3200959235 /* NewCategoryViewController.swift */,
			);
			path = View;
			sourceTree = "<group>";
		};
		04D28E7D2DF997D800959235 /* ViewModel */ = {
			isa = PBXGroup;
			children = (
				04D28E7E2DF997E800959235 /* NewCategoryViewModel.swift */,
			);
			path = ViewModel;
			sourceTree = "<group>";
		};
		B53B40612DF068B700341FEA = {
			isa = PBXGroup;
			children = (
				B53B406C2DF068B800341FEA /* Tracker */,
				B53B40862DF068B900341FEA /* TrackerTests */,
				B53B40902DF068B900341FEA /* TrackerUITests */,
				B53B406B2DF068B800341FEA /* Products */,
			);
			sourceTree = "<group>";
		};
		B53B406B2DF068B800341FEA /* Products */ = {
			isa = PBXGroup;
			children = (
				B53B406A2DF068B800341FEA /* Tracker.app */,
				B53B40832DF068B900341FEA /* TrackerTests.xctest */,
				B53B408D2DF068B900341FEA /* TrackerUITests.xctest */,
			);
			name = Products;
			sourceTree = "<group>";
		};
		B53B406C2DF068B800341FEA /* Tracker */ = {
			isa = PBXGroup;
			children = (
				04D28E4B2DF596EC00959235 /* Services */,
				B53B40C72DF0CF1800341FEA /* Extensions */,
				B53B40BC2DF09FF200341FEA /* UI */,
				B53B40AE2DF0959D00341FEA /* Modules */,
				B53B40AD2DF0954800341FEA /* Models */,
				B53B40AC2DF0952400341FEA /* Resources */,
				B53B40AB2DF0951300341FEA /* App */,
				B53B407E2DF068B900341FEA /* Info.plist */,
			);
			path = Tracker;
			sourceTree = "<group>";
		};
		B53B40862DF068B900341FEA /* TrackerTests */ = {
			isa = PBXGroup;
			children = (
				B53B40872DF068B900341FEA /* TrackerTests.swift */,
			);
			path = TrackerTests;
			sourceTree = "<group>";
		};
		B53B40902DF068B900341FEA /* TrackerUITests */ = {
			isa = PBXGroup;
			children = (
				B53B40912DF068B900341FEA /* TrackerUITests.swift */,
				B53B40932DF068B900341FEA /* TrackerUITestsLaunchTests.swift */,
			);
			path = TrackerUITests;
			sourceTree = "<group>";
		};
		B53B40A12DF06A7E00341FEA /* MainTabBar */ = {
			isa = PBXGroup;
			children = (
				B53B40B32DF095FA00341FEA /* View */,
			);
			path = MainTabBar;
			sourceTree = "<group>";
		};
		B53B40AB2DF0951300341FEA /* App */ = {
			isa = PBXGroup;
			children = (
				B53B406D2DF068B800341FEA /* AppDelegate.swift */,
				B53B406F2DF068B800341FEA /* SceneDelegate.swift */,
			);
			path = App;
			sourceTree = "<group>";
		};
		B53B40AC2DF0952400341FEA /* Resources */ = {
			isa = PBXGroup;
			children = (
				04D28E3A2DF4A13400959235 /* Fonts */,
				B53B407B2DF068B900341FEA /* LaunchScreen.storyboard */,
				B53B40792DF068B900341FEA /* Assets.xcassets */,
			);
			path = Resources;
			sourceTree = "<group>";
		};
		B53B40AD2DF0954800341FEA /* Models */ = {
			isa = PBXGroup;
			children = (
				04D28E652DF70A0F00959235 /* ColorData.swift */,
				04D28E632DF709EA00959235 /* EmojiData.swift */,
				B53B40B42DF0967B00341FEA /* Tracker.swift */,
				B53B40B62DF0968700341FEA /* WeekDay.swift */,
				B53B40B82DF0969200341FEA /* TrackerCategory.swift */,
				B53B40BA2DF0969E00341FEA /* TrackerRecord.swift */,
			);
			path = Models;
			sourceTree = "<group>";
		};
		B53B40AE2DF0959D00341FEA /* Modules */ = {
			isa = PBXGroup;
			children = (
				04D28E792DF983D300959235 /* NewCategory */,
				04D28E702DF978A900959235 /* CategoriesList */,
				04D28E672DF7F6E500959235 /* Onboarding */,
				04D28E2F2DF1E37500959235 /* Schedule */,
				04D28E2B2DF19E5E00959235 /* TrackerCreation */,
				04D28E272DF19D6300959235 /* TrackerTypeSelection */,
				B53B40A12DF06A7E00341FEA /* MainTabBar */,
				B53B40B12DF095D900341FEA /* Trackers */,
				B53B40AF2DF095C600341FEA /* Statistics */,
			);
			path = Modules;
			sourceTree = "<group>";
		};
		B53B40AF2DF095C600341FEA /* Statistics */ = {
			isa = PBXGroup;
			children = (
				B53B40B02DF095CC00341FEA /* View */,
			);
			path = Statistics;
			sourceTree = "<group>";
		};
		B53B40B02DF095CC00341FEA /* View */ = {
			isa = PBXGroup;
			children = (
				B53B40A82DF06ACA00341FEA /* StatisticsViewController.swift */,
			);
			path = View;
			sourceTree = "<group>";
		};
		B53B40B12DF095D900341FEA /* Trackers */ = {
			isa = PBXGroup;
			children = (
				B53B40C02DF0A22A00341FEA /* ViewModel */,
				B53B40B22DF095E200341FEA /* View */,
			);
			path = Trackers;
			sourceTree = "<group>";
		};
		B53B40B22DF095E200341FEA /* View */ = {
			isa = PBXGroup;
			children = (
				B53B40A52DF06AAE00341FEA /* TrackersViewController.swift */,
			);
			path = View;
			sourceTree = "<group>";
		};
		B53B40B32DF095FA00341FEA /* View */ = {
			isa = PBXGroup;
			children = (
				B53B40A22DF06A9400341FEA /* MainTabBarViewController.swift */,
			);
			path = View;
			sourceTree = "<group>";
		};
		B53B40BC2DF09FF200341FEA /* UI */ = {
			isa = PBXGroup;
			children = (
				B53B40BD2DF09FFD00341FEA /* Components */,
			);
			path = UI;
			sourceTree = "<group>";
		};
		B53B40BD2DF09FFD00341FEA /* Components */ = {
			isa = PBXGroup;
			children = (
				04D28E772DF978FA00959235 /* CategoryCell.swift */,
				04D28E442DF5559900959235 /* ColorCell.swift */,
				04D28E412DF5548A00959235 /* EmojiCell.swift */,
				04D28E332DF2358300959235 /* ScheduleCell.swift */,
				B53B40BE2DF0A01A00341FEA /* TrackerCellView.swift */,
				B53B40C32DF0AAD300341FEA /* CategoryHeaderView.swift */,
				B53B40C52DF0BE9700341FEA /* BottomAlignedLabel.swift */,
			);
			path = Components;
			sourceTree = "<group>";
		};
		B53B40C02DF0A22A00341FEA /* ViewModel */ = {
			isa = PBXGroup;
			children = (
				B53B40C12DF0A25900341FEA /* TrackersViewModel.swift */,
			);
			path = ViewModel;
			sourceTree = "<group>";
		};
		B53B40C72DF0CF1800341FEA /* Extensions */ = {
			isa = PBXGroup;
			children = (
				04D28E552DF59C2000959235 /* UIColor+Hex.swift */,
				B53B40C82DF0CF2500341FEA /* Int+DayWord.swift */,
			);
			path = Extensions;
			sourceTree = "<group>";
		};
/* End PBXGroup section */

/* Begin PBXNativeTarget section */
		B53B40692DF068B800341FEA /* Tracker */ = {
			isa = PBXNativeTarget;
			buildConfigurationList = B53B40972DF068B900341FEA /* Build configuration list for PBXNativeTarget "Tracker" */;
			buildPhases = (
				B53B40662DF068B800341FEA /* Sources */,
				B53B40672DF068B800341FEA /* Frameworks */,
				B53B40682DF068B800341FEA /* Resources */,
			);
			buildRules = (
			);
			dependencies = (
			);
			name = Tracker;
			productName = Tracker;
			productReference = B53B406A2DF068B800341FEA /* Tracker.app */;
			productType = "com.apple.product-type.application";
		};
		B53B40822DF068B900341FEA /* TrackerTests */ = {
			isa = PBXNativeTarget;
			buildConfigurationList = B53B409A2DF068B900341FEA /* Build configuration list for PBXNativeTarget "TrackerTests" */;
			buildPhases = (
				B53B407F2DF068B900341FEA /* Sources */,
				B53B40802DF068B900341FEA /* Frameworks */,
				B53B40812DF068B900341FEA /* Resources */,
			);
			buildRules = (
			);
			dependencies = (
				B53B40852DF068B900341FEA /* PBXTargetDependency */,
			);
			name = TrackerTests;
			productName = TrackerTests;
			productReference = B53B40832DF068B900341FEA /* TrackerTests.xctest */;
			productType = "com.apple.product-type.bundle.unit-test";
		};
		B53B408C2DF068B900341FEA /* TrackerUITests */ = {
			isa = PBXNativeTarget;
			buildConfigurationList = B53B409D2DF068B900341FEA /* Build configuration list for PBXNativeTarget "TrackerUITests" */;
			buildPhases = (
				B53B40892DF068B900341FEA /* Sources */,
				B53B408A2DF068B900341FEA /* Frameworks */,
				B53B408B2DF068B900341FEA /* Resources */,
			);
			buildRules = (
			);
			dependencies = (
				B53B408F2DF068B900341FEA /* PBXTargetDependency */,
			);
			name = TrackerUITests;
			productName = TrackerUITests;
			productReference = B53B408D2DF068B900341FEA /* TrackerUITests.xctest */;
			productType = "com.apple.product-type.bundle.ui-testing";
		};
/* End PBXNativeTarget section */

/* Begin PBXProject section */
		B53B40622DF068B700341FEA /* Project object */ = {
			isa = PBXProject;
			attributes = {
				BuildIndependentTargetsInParallel = 1;
				LastSwiftUpdateCheck = 1500;
				LastUpgradeCheck = 1500;
				TargetAttributes = {
					B53B40692DF068B800341FEA = {
						CreatedOnToolsVersion = 15.0.1;
					};
					B53B40822DF068B900341FEA = {
						CreatedOnToolsVersion = 15.0.1;
						TestTargetID = B53B40692DF068B800341FEA;
					};
					B53B408C2DF068B900341FEA = {
						CreatedOnToolsVersion = 15.0.1;
						TestTargetID = B53B40692DF068B800341FEA;
					};
				};
			};
			buildConfigurationList = B53B40652DF068B700341FEA /* Build configuration list for PBXProject "Tracker" */;
			compatibilityVersion = "Xcode 14.0";
			developmentRegion = en;
			hasScannedForEncodings = 0;
			knownRegions = (
				en,
				Base,
			);
			mainGroup = B53B40612DF068B700341FEA;
			productRefGroup = B53B406B2DF068B800341FEA /* Products */;
			projectDirPath = "";
			projectRoot = "";
			targets = (
				B53B40692DF068B800341FEA /* Tracker */,
				B53B40822DF068B900341FEA /* TrackerTests */,
				B53B408C2DF068B900341FEA /* TrackerUITests */,
			);
		};
/* End PBXProject section */

/* Begin PBXResourcesBuildPhase section */
		B53B40682DF068B800341FEA /* Resources */ = {
			isa = PBXResourcesBuildPhase;
			buildActionMask = 2147483647;
			files = (
				B53B407D2DF068B900341FEA /* LaunchScreen.storyboard in Resources */,
				B53B407A2DF068B900341FEA /* Assets.xcassets in Resources */,
			);
			runOnlyForDeploymentPostprocessing = 0;
		};
		B53B40812DF068B900341FEA /* Resources */ = {
			isa = PBXResourcesBuildPhase;
			buildActionMask = 2147483647;
			files = (
			);
			runOnlyForDeploymentPostprocessing = 0;
		};
		B53B408B2DF068B900341FEA /* Resources */ = {
			isa = PBXResourcesBuildPhase;
			buildActionMask = 2147483647;
			files = (
			);
			runOnlyForDeploymentPostprocessing = 0;
		};
/* End PBXResourcesBuildPhase section */

/* Begin PBXSourcesBuildPhase section */
		B53B40662DF068B800341FEA /* Sources */ = {
			isa = PBXSourcesBuildPhase;
			buildActionMask = 2147483647;
			files = (
				04D28E7B2DF98D3A00959235 /* NewCategoryViewController.swift in Sources */,
				B53B40B92DF0969200341FEA /* TrackerCategory.swift in Sources */,
				04D28E6A2DF7F6F800959235 /* OnboardingPageViewController.swift in Sources */,
				B53B40C62DF0BE9700341FEA /* BottomAlignedLabel.swift in Sources */,
				04D28E592DF5A08400959235 /* StoreError.swift in Sources */,
				04D28E322DF1E38D00959235 /* ScheduleViewController.swift in Sources */,
				04D28E4A2DF5908600959235 /* TrackerModel.xcdatamodeld in Sources */,
				04D28E6E2DF964F100959235 /* OnboardingManager.swift in Sources */,
				B53B40A32DF06A9400341FEA /* MainTabBarViewController.swift in Sources */,
				04D28E542DF59BB900959235 /* TrackerRecordStore.swift in Sources */,
				04D28E642DF709EB00959235 /* EmojiData.swift in Sources */,
				04D28E4D2DF596FA00959235 /* CoreDataManager.swift in Sources */,
				B53B40B72DF0968700341FEA /* WeekDay.swift in Sources */,
				B53B406E2DF068B800341FEA /* AppDelegate.swift in Sources */,
				04D28E2A2DF19D8100959235 /* TrackerTypeSelectionViewController.swift in Sources */,
				04D28E2E2DF19E6A00959235 /* TrackerCreationViewController.swift in Sources */,
				B53B40BF2DF0A01A00341FEA /* TrackerCellView.swift in Sources */,
				B53B40BB2DF0969E00341FEA /* TrackerRecord.swift in Sources */,
				04D28E452DF5559E00959235 /* ColorCell.swift in Sources */,
				04D28E742DF978D600959235 /* CategoriesListViewController.swift in Sources */,
				B53B40702DF068B800341FEA /* SceneDelegate.swift in Sources */,
				04D28E662DF70A1000959235 /* ColorData.swift in Sources */,
				04D28E502DF59BAB00959235 /* TrackerStore.swift in Sources */,
				04D28E7F2DF997EC00959235 /* NewCategoryViewModel.swift in Sources */,
				04D28E362DF49F0000959235 /* AppTextStyle.swift in Sources */,
				04D28E782DF978FB00959235 /* CategoryCell.swift in Sources */,
				04D28E522DF59BB200959235 /* TrackerCategoryStore.swift in Sources */,
				B53B40A62DF06AAE00341FEA /* TrackersViewController.swift in Sources */,
				B53B40C22DF0A25900341FEA /* TrackersViewModel.swift in Sources */,
				04D28E422DF5548C00959235 /* EmojiCell.swift in Sources */,
				B53B40C92DF0CF2500341FEA /* Int+DayWord.swift in Sources */,
				04D28E562DF59C2300959235 /* UIColor+Hex.swift in Sources */,
				B53B40A92DF06ACA00341FEA /* StatisticsViewController.swift in Sources */,
				04D28E762DF978E700959235 /* CategoriesListViewModel.swift in Sources */,
				04D28E342DF2358400959235 /* ScheduleCell.swift in Sources */,
				04D28E6C2DF7F6FF00959235 /* OnboardingContentViewController.swift in Sources */,
				B53B40B52DF0967B00341FEA /* Tracker.swift in Sources */,
				B53B40C42DF0AAD300341FEA /* CategoryHeaderView.swift in Sources */,
			);
			runOnlyForDeploymentPostprocessing = 0;
		};
		B53B407F2DF068B900341FEA /* Sources */ = {
			isa = PBXSourcesBuildPhase;
			buildActionMask = 2147483647;
			files = (
				B53B40882DF068B900341FEA /* TrackerTests.swift in Sources */,
			);
			runOnlyForDeploymentPostprocessing = 0;
		};
		B53B40892DF068B900341FEA /* Sources */ = {
			isa = PBXSourcesBuildPhase;
			buildActionMask = 2147483647;
			files = (
				B53B40922DF068B900341FEA /* TrackerUITests.swift in Sources */,
				B53B40942DF068B900341FEA /* TrackerUITestsLaunchTests.swift in Sources */,
			);
			runOnlyForDeploymentPostprocessing = 0;
		};
/* End PBXSourcesBuildPhase section */

/* Begin PBXTargetDependency section */
		B53B40852DF068B900341FEA /* PBXTargetDependency */ = {
			isa = PBXTargetDependency;
			target = B53B40692DF068B800341FEA /* Tracker */;
			targetProxy = B53B40842DF068B900341FEA /* PBXContainerItemProxy */;
		};
		B53B408F2DF068B900341FEA /* PBXTargetDependency */ = {
			isa = PBXTargetDependency;
			target = B53B40692DF068B800341FEA /* Tracker */;
			targetProxy = B53B408E2DF068B900341FEA /* PBXContainerItemProxy */;
		};
/* End PBXTargetDependency section */

/* Begin PBXVariantGroup section */
		B53B407B2DF068B900341FEA /* LaunchScreen.storyboard */ = {
			isa = PBXVariantGroup;
			children = (
				B53B407C2DF068B900341FEA /* Base */,
			);
			name = LaunchScreen.storyboard;
			sourceTree = "<group>";
		};
/* End PBXVariantGroup section */

/* Begin XCBuildConfiguration section */
		B53B40952DF068B900341FEA /* Debug */ = {
			isa = XCBuildConfiguration;
			buildSettings = {
				ALWAYS_SEARCH_USER_PATHS = NO;
				ASSETCATALOG_COMPILER_GENERATE_SWIFT_ASSET_SYMBOL_EXTENSIONS = YES;
				CLANG_ANALYZER_NONNULL = YES;
				CLANG_ANALYZER_NUMBER_OBJECT_CONVERSION = YES_AGGRESSIVE;
				CLANG_CXX_LANGUAGE_STANDARD = "gnu++20";
				CLANG_ENABLE_MODULES = YES;
				CLANG_ENABLE_OBJC_ARC = YES;
				CLANG_ENABLE_OBJC_WEAK = YES;
				CLANG_WARN_BLOCK_CAPTURE_AUTORELEASING = YES;
				CLANG_WARN_BOOL_CONVERSION = YES;
				CLANG_WARN_COMMA = YES;
				CLANG_WARN_CONSTANT_CONVERSION = YES;
				CLANG_WARN_DEPRECATED_OBJC_IMPLEMENTATIONS = YES;
				CLANG_WARN_DIRECT_OBJC_ISA_USAGE = YES_ERROR;
				CLANG_WARN_DOCUMENTATION_COMMENTS = YES;
				CLANG_WARN_EMPTY_BODY = YES;
				CLANG_WARN_ENUM_CONVERSION = YES;
				CLANG_WARN_INFINITE_RECURSION = YES;
				CLANG_WARN_INT_CONVERSION = YES;
				CLANG_WARN_NON_LITERAL_NULL_CONVERSION = YES;
				CLANG_WARN_OBJC_IMPLICIT_RETAIN_SELF = YES;
				CLANG_WARN_OBJC_LITERAL_CONVERSION = YES;
				CLANG_WARN_OBJC_ROOT_CLASS = YES_ERROR;
				CLANG_WARN_QUOTED_INCLUDE_IN_FRAMEWORK_HEADER = YES;
				CLANG_WARN_RANGE_LOOP_ANALYSIS = YES;
				CLANG_WARN_STRICT_PROTOTYPES = YES;
				CLANG_WARN_SUSPICIOUS_MOVE = YES;
				CLANG_WARN_UNGUARDED_AVAILABILITY = YES_AGGRESSIVE;
				CLANG_WARN_UNREACHABLE_CODE = YES;
				CLANG_WARN__DUPLICATE_METHOD_MATCH = YES;
				COPY_PHASE_STRIP = NO;
				DEBUG_INFORMATION_FORMAT = dwarf;
				ENABLE_STRICT_OBJC_MSGSEND = YES;
				ENABLE_TESTABILITY = YES;
				ENABLE_USER_SCRIPT_SANDBOXING = YES;
				GCC_C_LANGUAGE_STANDARD = gnu17;
				GCC_DYNAMIC_NO_PIC = NO;
				GCC_NO_COMMON_BLOCKS = YES;
				GCC_OPTIMIZATION_LEVEL = 0;
				GCC_PREPROCESSOR_DEFINITIONS = (
					"DEBUG=1",
					"$(inherited)",
				);
				GCC_WARN_64_TO_32_BIT_CONVERSION = YES;
				GCC_WARN_ABOUT_RETURN_TYPE = YES_ERROR;
				GCC_WARN_UNDECLARED_SELECTOR = YES;
				GCC_WARN_UNINITIALIZED_AUTOS = YES_AGGRESSIVE;
				GCC_WARN_UNUSED_FUNCTION = YES;
				GCC_WARN_UNUSED_VARIABLE = YES;
				IPHONEOS_DEPLOYMENT_TARGET = 17.0;
				LOCALIZATION_PREFERS_STRING_CATALOGS = YES;
				MTL_ENABLE_DEBUG_INFO = INCLUDE_SOURCE;
				MTL_FAST_MATH = YES;
				ONLY_ACTIVE_ARCH = YES;
				SDKROOT = iphoneos;
				SWIFT_ACTIVE_COMPILATION_CONDITIONS = "DEBUG $(inherited)";
				SWIFT_OPTIMIZATION_LEVEL = "-Onone";
			};
			name = Debug;
		};
		B53B40962DF068B900341FEA /* Release */ = {
			isa = XCBuildConfiguration;
			buildSettings = {
				ALWAYS_SEARCH_USER_PATHS = NO;
				ASSETCATALOG_COMPILER_GENERATE_SWIFT_ASSET_SYMBOL_EXTENSIONS = YES;
				CLANG_ANALYZER_NONNULL = YES;
				CLANG_ANALYZER_NUMBER_OBJECT_CONVERSION = YES_AGGRESSIVE;
				CLANG_CXX_LANGUAGE_STANDARD = "gnu++20";
				CLANG_ENABLE_MODULES = YES;
				CLANG_ENABLE_OBJC_ARC = YES;
				CLANG_ENABLE_OBJC_WEAK = YES;
				CLANG_WARN_BLOCK_CAPTURE_AUTORELEASING = YES;
				CLANG_WARN_BOOL_CONVERSION = YES;
				CLANG_WARN_COMMA = YES;
				CLANG_WARN_CONSTANT_CONVERSION = YES;
				CLANG_WARN_DEPRECATED_OBJC_IMPLEMENTATIONS = YES;
				CLANG_WARN_DIRECT_OBJC_ISA_USAGE = YES_ERROR;
				CLANG_WARN_DOCUMENTATION_COMMENTS = YES;
				CLANG_WARN_EMPTY_BODY = YES;
				CLANG_WARN_ENUM_CONVERSION = YES;
				CLANG_WARN_INFINITE_RECURSION = YES;
				CLANG_WARN_INT_CONVERSION = YES;
				CLANG_WARN_NON_LITERAL_NULL_CONVERSION = YES;
				CLANG_WARN_OBJC_IMPLICIT_RETAIN_SELF = YES;
				CLANG_WARN_OBJC_LITERAL_CONVERSION = YES;
				CLANG_WARN_OBJC_ROOT_CLASS = YES_ERROR;
				CLANG_WARN_QUOTED_INCLUDE_IN_FRAMEWORK_HEADER = YES;
				CLANG_WARN_RANGE_LOOP_ANALYSIS = YES;
				CLANG_WARN_STRICT_PROTOTYPES = YES;
				CLANG_WARN_SUSPICIOUS_MOVE = YES;
				CLANG_WARN_UNGUARDED_AVAILABILITY = YES_AGGRESSIVE;
				CLANG_WARN_UNREACHABLE_CODE = YES;
				CLANG_WARN__DUPLICATE_METHOD_MATCH = YES;
				COPY_PHASE_STRIP = NO;
				DEBUG_INFORMATION_FORMAT = "dwarf-with-dsym";
				ENABLE_NS_ASSERTIONS = NO;
				ENABLE_STRICT_OBJC_MSGSEND = YES;
				ENABLE_USER_SCRIPT_SANDBOXING = YES;
				GCC_C_LANGUAGE_STANDARD = gnu17;
				GCC_NO_COMMON_BLOCKS = YES;
				GCC_WARN_64_TO_32_BIT_CONVERSION = YES;
				GCC_WARN_ABOUT_RETURN_TYPE = YES_ERROR;
				GCC_WARN_UNDECLARED_SELECTOR = YES;
				GCC_WARN_UNINITIALIZED_AUTOS = YES_AGGRESSIVE;
				GCC_WARN_UNUSED_FUNCTION = YES;
				GCC_WARN_UNUSED_VARIABLE = YES;
				IPHONEOS_DEPLOYMENT_TARGET = 17.0;
				LOCALIZATION_PREFERS_STRING_CATALOGS = YES;
				MTL_ENABLE_DEBUG_INFO = NO;
				MTL_FAST_MATH = YES;
				SDKROOT = iphoneos;
				SWIFT_COMPILATION_MODE = wholemodule;
				VALIDATE_PRODUCT = YES;
			};
			name = Release;
		};
		B53B40982DF068B900341FEA /* Debug */ = {
			isa = XCBuildConfiguration;
			buildSettings = {
				ASSETCATALOG_COMPILER_APPICON_NAME = AppIcon;
				ASSETCATALOG_COMPILER_GLOBAL_ACCENT_COLOR_NAME = AccentColor;
				CODE_SIGN_STYLE = Automatic;
				CURRENT_PROJECT_VERSION = 1;
				GENERATE_INFOPLIST_FILE = YES;
				INFOPLIST_FILE = Tracker/Info.plist;
				INFOPLIST_KEY_UIApplicationSupportsIndirectInputEvents = YES;
				INFOPLIST_KEY_UILaunchStoryboardName = LaunchScreen;
				INFOPLIST_KEY_UISupportedInterfaceOrientations = UIInterfaceOrientationPortrait;
				INFOPLIST_KEY_UISupportedInterfaceOrientations_iPad = "UIInterfaceOrientationLandscapeLeft UIInterfaceOrientationLandscapeRight UIInterfaceOrientationPortrait UIInterfaceOrientationPortraitUpsideDown";
				IPHONEOS_DEPLOYMENT_TARGET = 13.4;
				LD_RUNPATH_SEARCH_PATHS = (
					"$(inherited)",
					"@executable_path/Frameworks",
				);
				MARKETING_VERSION = 1.0;
				PRODUCT_BUNDLE_IDENTIFIER = com.mapl.Tracker;
				PRODUCT_NAME = "$(TARGET_NAME)";
				SUPPORTED_PLATFORMS = "iphoneos iphonesimulator";
				SUPPORTS_MACCATALYST = NO;
				SWIFT_EMIT_LOC_STRINGS = YES;
				SWIFT_VERSION = 5.0;
				TARGETED_DEVICE_FAMILY = 1;
			};
			name = Debug;
		};
		B53B40992DF068B900341FEA /* Release */ = {
			isa = XCBuildConfiguration;
			buildSettings = {
				ASSETCATALOG_COMPILER_APPICON_NAME = AppIcon;
				ASSETCATALOG_COMPILER_GLOBAL_ACCENT_COLOR_NAME = AccentColor;
				CODE_SIGN_STYLE = Automatic;
				CURRENT_PROJECT_VERSION = 1;
				GENERATE_INFOPLIST_FILE = YES;
				INFOPLIST_FILE = Tracker/Info.plist;
				INFOPLIST_KEY_UIApplicationSupportsIndirectInputEvents = YES;
				INFOPLIST_KEY_UILaunchStoryboardName = LaunchScreen;
				INFOPLIST_KEY_UISupportedInterfaceOrientations = UIInterfaceOrientationPortrait;
				INFOPLIST_KEY_UISupportedInterfaceOrientations_iPad = "UIInterfaceOrientationLandscapeLeft UIInterfaceOrientationLandscapeRight UIInterfaceOrientationPortrait UIInterfaceOrientationPortraitUpsideDown";
				IPHONEOS_DEPLOYMENT_TARGET = 13.4;
				LD_RUNPATH_SEARCH_PATHS = (
					"$(inherited)",
					"@executable_path/Frameworks",
				);
				MARKETING_VERSION = 1.0;
				PRODUCT_BUNDLE_IDENTIFIER = com.mapl.Tracker;
				PRODUCT_NAME = "$(TARGET_NAME)";
				SUPPORTED_PLATFORMS = "iphoneos iphonesimulator";
				SUPPORTS_MACCATALYST = NO;
				SWIFT_EMIT_LOC_STRINGS = YES;
				SWIFT_VERSION = 5.0;
				TARGETED_DEVICE_FAMILY = 1;
			};
			name = Release;
		};
		B53B409B2DF068B900341FEA /* Debug */ = {
			isa = XCBuildConfiguration;
			buildSettings = {
				ALWAYS_EMBED_SWIFT_STANDARD_LIBRARIES = YES;
				BUNDLE_LOADER = "$(TEST_HOST)";
				CODE_SIGN_STYLE = Automatic;
				CURRENT_PROJECT_VERSION = 1;
				GENERATE_INFOPLIST_FILE = YES;
				IPHONEOS_DEPLOYMENT_TARGET = 17.0;
				MARKETING_VERSION = 1.0;
				PRODUCT_BUNDLE_IDENTIFIER = com.mapl.TrackerTests;
				PRODUCT_NAME = "$(TARGET_NAME)";
				SWIFT_EMIT_LOC_STRINGS = NO;
				SWIFT_VERSION = 5.0;
				TARGETED_DEVICE_FAMILY = "1,2";
				TEST_HOST = "$(BUILT_PRODUCTS_DIR)/Tracker.app/$(BUNDLE_EXECUTABLE_FOLDER_PATH)/Tracker";
			};
			name = Debug;
		};
		B53B409C2DF068B900341FEA /* Release */ = {
			isa = XCBuildConfiguration;
			buildSettings = {
				ALWAYS_EMBED_SWIFT_STANDARD_LIBRARIES = YES;
				BUNDLE_LOADER = "$(TEST_HOST)";
				CODE_SIGN_STYLE = Automatic;
				CURRENT_PROJECT_VERSION = 1;
				GENERATE_INFOPLIST_FILE = YES;
				IPHONEOS_DEPLOYMENT_TARGET = 17.0;
				MARKETING_VERSION = 1.0;
				PRODUCT_BUNDLE_IDENTIFIER = com.mapl.TrackerTests;
				PRODUCT_NAME = "$(TARGET_NAME)";
				SWIFT_EMIT_LOC_STRINGS = NO;
				SWIFT_VERSION = 5.0;
				TARGETED_DEVICE_FAMILY = "1,2";
				TEST_HOST = "$(BUILT_PRODUCTS_DIR)/Tracker.app/$(BUNDLE_EXECUTABLE_FOLDER_PATH)/Tracker";
			};
			name = Release;
		};
		B53B409E2DF068B900341FEA /* Debug */ = {
			isa = XCBuildConfiguration;
			buildSettings = {
				ALWAYS_EMBED_SWIFT_STANDARD_LIBRARIES = YES;
				CODE_SIGN_STYLE = Automatic;
				CURRENT_PROJECT_VERSION = 1;
				GENERATE_INFOPLIST_FILE = YES;
				MARKETING_VERSION = 1.0;
				PRODUCT_BUNDLE_IDENTIFIER = com.mapl.TrackerUITests;
				PRODUCT_NAME = "$(TARGET_NAME)";
				SWIFT_EMIT_LOC_STRINGS = NO;
				SWIFT_VERSION = 5.0;
				TARGETED_DEVICE_FAMILY = "1,2";
				TEST_TARGET_NAME = Tracker;
			};
			name = Debug;
		};
		B53B409F2DF068B900341FEA /* Release */ = {
			isa = XCBuildConfiguration;
			buildSettings = {
				ALWAYS_EMBED_SWIFT_STANDARD_LIBRARIES = YES;
				CODE_SIGN_STYLE = Automatic;
				CURRENT_PROJECT_VERSION = 1;
				GENERATE_INFOPLIST_FILE = YES;
				MARKETING_VERSION = 1.0;
				PRODUCT_BUNDLE_IDENTIFIER = com.mapl.TrackerUITests;
				PRODUCT_NAME = "$(TARGET_NAME)";
				SWIFT_EMIT_LOC_STRINGS = NO;
				SWIFT_VERSION = 5.0;
				TARGETED_DEVICE_FAMILY = "1,2";
				TEST_TARGET_NAME = Tracker;
			};
			name = Release;
		};
/* End XCBuildConfiguration section */

/* Begin XCConfigurationList section */
		B53B40652DF068B700341FEA /* Build configuration list for PBXProject "Tracker" */ = {
			isa = XCConfigurationList;
			buildConfigurations = (
				B53B40952DF068B900341FEA /* Debug */,
				B53B40962DF068B900341FEA /* Release */,
			);
			defaultConfigurationIsVisible = 0;
			defaultConfigurationName = Release;
		};
		B53B40972DF068B900341FEA /* Build configuration list for PBXNativeTarget "Tracker" */ = {
			isa = XCConfigurationList;
			buildConfigurations = (
				B53B40982DF068B900341FEA /* Debug */,
				B53B40992DF068B900341FEA /* Release */,
			);
			defaultConfigurationIsVisible = 0;
			defaultConfigurationName = Release;
		};
		B53B409A2DF068B900341FEA /* Build configuration list for PBXNativeTarget "TrackerTests" */ = {
			isa = XCConfigurationList;
			buildConfigurations = (
				B53B409B2DF068B900341FEA /* Debug */,
				B53B409C2DF068B900341FEA /* Release */,
			);
			defaultConfigurationIsVisible = 0;
			defaultConfigurationName = Release;
		};
		B53B409D2DF068B900341FEA /* Build configuration list for PBXNativeTarget "TrackerUITests" */ = {
			isa = XCConfigurationList;
			buildConfigurations = (
				B53B409E2DF068B900341FEA /* Debug */,
				B53B409F2DF068B900341FEA /* Release */,
			);
			defaultConfigurationIsVisible = 0;
			defaultConfigurationName = Release;
		};
/* End XCConfigurationList section */

/* Begin XCVersionGroup section */
		04D28E482DF5908600959235 /* TrackerModel.xcdatamodeld */ = {
			isa = XCVersionGroup;
			children = (
				04D28E492DF5908600959235 /* TrackerModel.xcdatamodel */,
			);
			currentVersion = 04D28E492DF5908600959235 /* TrackerModel.xcdatamodel */;
			path = TrackerModel.xcdatamodeld;
			sourceTree = "<group>";
			versionGroupType = wrapper.xcdatamodel;
		};
/* End XCVersionGroup section */
	};
	rootObject = B53B40622DF068B700341FEA /* Project object */;
}
